DEPENDENCIES
  acme
    git: https://github.com/schubergphilis/chef-acme.git
    revision: 2871ed6ee184724c171497e4613ae1d3b7dbf7f7
    ref: 2871ed6
  fort-pinecone
    path: site-cookbooks/fort-pinecone

GRAPH
  acme (4.0.0)
  apt (7.1.1)
  ark (4.0.0)
    build-essential (>= 0.0.0)
    seven_zip (>= 0.0.0)
  build-essential (8.2.1)
    mingw (>= 1.1)
    seven_zip (>= 0.0.0)
  chef-vault (3.1.1)
  compat_resource (12.19.1)
  fail2ban (5.0.2)
    yum-epel (>= 0.0.0)
  fort-pinecone (0.1.0)
    acme (>= 0.0.0)
    fail2ban (>= 0.0.0)
    nginx (>= 0.0.0)
    nodejs (>= 0.0.0)
    omnibus-gitlab (>= 0.0.0)
    poise-service (>= 0.0.0)
    sc-mongodb (>= 0.0.0)
    sudo (>= 0.0.0)
    user (>= 0.0.0)
  gitlab-vault (0.2.0)
    chef-vault (>= 0.0.0)
  mingw (2.1.0)
    seven_zip (>= 0.0.0)
  nginx (9.0.0)
    build-essential (>= 5.0)
    ohai (>= 4.1.0)
    yum-epel (>= 0.0.0)
  nodejs (6.0.0)
    ark (>= 2.0.2)
    build-essential (>= 5.0)
  ohai (5.2.5)
  omnibus-gitlab (0.3.16)
    apt (>= 0.0.0)
    gitlab-vault (>= 0.0.0)
  poise (2.8.2)
  poise-service (1.5.2)
    poise (~> 2.0)
  sc-mongodb (1.2.0)
    apt (>= 1.8.2)
    build-essential (>= 5.0.0)
    yum (>= 3.0)
  seven_zip (3.1.0)
    windows (>= 0.0.0)
  sudo (5.4.4)
  user (0.7.0)
  windows (5.2.3)
  yum (5.1.0)
  yum-epel (3.3.0)
